
Microsoft Visual Studio Solution File, Format Version 12.00
# Visual Studio Version 16
VisualStudioVersion = 16.0.29709.97
MinimumVisualStudioVersion = 10.0.40219.1
Project("{F2A71F9B-5D33-465A-A702-920D77279786}") = "FileSystemFold", "FileSystemFold\FileSystemFold.fsproj", "{4ECAD6B7-24B1-4970-9785-F8315F7BCFFF}"
EndProject
Global
	GlobalSection(SolutionConfigurationPlatforms) = preSolution
		Debug|Any CPU = Debug|Any CPU
		Release|Any CPU = Release|Any CPU
	EndGlobalSection
	GlobalSection(ProjectConfigurationPlatforms) = postSolution
		{4ECAD6B7-24B1-4970-9785-F8315F7BCFFF}.Debug|Any CPU.ActiveCfg = Debug|Any CPU
		{4ECAD6B7-24B1-4970-9785-F8315F7BCFFF}.Debug|Any CPU.Build.0 = Debug|Any CPU
		{4ECAD6B7-24B1-4970-9785-F8315F7BCFFF}.Release|Any CPU.ActiveCfg = Release|Any CPU
		{4ECAD6B7-24B1-4970-9785-F8315F7BCFFF}.Release|Any CPU.Build.0 = Release|Any CPU
	EndGlobalSection
	GlobalSection(SolutionProperties) = preSolution
		HideSolutionNode = FALSE
	EndGlobalSection
	GlobalSection(ExtensibilityGlobals) = postSolution
		SolutionGuid = {05FEC84F-881C-45B7-A2CA-AD7B6E1AA7DF}
	EndGlobalSection
EndGlobal
